
Microsoft Visual Studio Solution File, Format Version 12.00
# Visual Studio 14
VisualStudioVersion = 14.0.25420.1
MinimumVisualStudioVersion = 10.0.40219.1
Project("{8BC9CEB8-8B4A-11D0-8D11-00A0C91BC942}") = "Urchin", "Lib\Urchin.vcxproj", "{B432834C-EB8F-4AA7-901F-0A7113ECC657}"
EndProject
Project("{8BC9CEB8-8B4A-11D0-8D11-00A0C91BC942}") = "Platform", "Platform\Platform.vcxproj", "{494190CF-79B0-49D9-8DCA-BAB4CBD5A2E6}"
EndProject
Project("{8BC9CEB8-8B4A-11D0-8D11-00A0C91BC942}") = "UrchinTest", "UrchinTest\UrchinTest.vcxproj", "{DEDCA962-3A36-4F8A-9703-5BC0D66B961F}"
	ProjectSection(ProjectDependencies) = postProject
		{B432834C-EB8F-4AA7-901F-0A7113ECC657} = {B432834C-EB8F-4AA7-901F-0A7113ECC657}
		{494190CF-79B0-49D9-8DCA-BAB4CBD5A2E6} = {494190CF-79B0-49D9-8DCA-BAB4CBD5A2E6}
	EndProjectSection
EndProject
Project("{8BC9CEB8-8B4A-11D0-8D11-00A0C91BC942}") = "T2T", "T2T\T2T.vcxproj", "{39FB49B0-52F8-4295-98B4-8822224217BA}"
	ProjectSection(ProjectDependencies) = postProject
		{B432834C-EB8F-4AA7-901F-0A7113ECC657} = {B432834C-EB8F-4AA7-901F-0A7113ECC657}
		{494190CF-79B0-49D9-8DCA-BAB4CBD5A2E6} = {494190CF-79B0-49D9-8DCA-BAB4CBD5A2E6}
	EndProjectSection
EndProject
Global
	GlobalSection(SolutionConfigurationPlatforms) = preSolution
		Debug|ARM = Debug|ARM
		Debug|Win32 = Debug|Win32
		Debug|x64 = Debug|x64
		Release|ARM = Release|ARM
		Release|Win32 = Release|Win32
		Release|x64 = Release|x64
	EndGlobalSection
	GlobalSection(ProjectConfigurationPlatforms) = postSolution
		{B432834C-EB8F-4AA7-901F-0A7113ECC657}.Debug|ARM.ActiveCfg = Debug|ARM
		{B432834C-EB8F-4AA7-901F-0A7113ECC657}.Debug|ARM.Build.0 = Debug|ARM
		{B432834C-EB8F-4AA7-901F-0A7113ECC657}.Debug|Win32.ActiveCfg = Debug|Win32
		{B432834C-EB8F-4AA7-901F-0A7113ECC657}.Debug|Win32.Build.0 = Debug|Win32
		{B432834C-EB8F-4AA7-901F-0A7113ECC657}.Debug|x64.ActiveCfg = Debug|x64
		{B432834C-EB8F-4AA7-901F-0A7113ECC657}.Debug|x64.Build.0 = Debug|x64
		{B432834C-EB8F-4AA7-901F-0A7113ECC657}.Release|ARM.ActiveCfg = Release|ARM
		{B432834C-EB8F-4AA7-901F-0A7113ECC657}.Release|ARM.Build.0 = Release|ARM
		{B432834C-EB8F-4AA7-901F-0A7113ECC657}.Release|Win32.ActiveCfg = Release|Win32
		{B432834C-EB8F-4AA7-901F-0A7113ECC657}.Release|Win32.Build.0 = Release|Win32
		{B432834C-EB8F-4AA7-901F-0A7113ECC657}.Release|x64.ActiveCfg = Release|x64
		{B432834C-EB8F-4AA7-901F-0A7113ECC657}.Release|x64.Build.0 = Release|x64
		{494190CF-79B0-49D9-8DCA-BAB4CBD5A2E6}.Debug|ARM.ActiveCfg = Debug|ARM
		{494190CF-79B0-49D9-8DCA-BAB4CBD5A2E6}.Debug|ARM.Build.0 = Debug|ARM
		{494190CF-79B0-49D9-8DCA-BAB4CBD5A2E6}.Debug|Win32.ActiveCfg = Debug|Win32
		{494190CF-79B0-49D9-8DCA-BAB4CBD5A2E6}.Debug|Win32.Build.0 = Debug|Win32
		{494190CF-79B0-49D9-8DCA-BAB4CBD5A2E6}.Debug|x64.ActiveCfg = Debug|x64
		{494190CF-79B0-49D9-8DCA-BAB4CBD5A2E6}.Debug|x64.Build.0 = Debug|x64
		{494190CF-79B0-49D9-8DCA-BAB4CBD5A2E6}.Release|ARM.ActiveCfg = Release|ARM
		{494190CF-79B0-49D9-8DCA-BAB4CBD5A2E6}.Release|ARM.Build.0 = Release|ARM
		{494190CF-79B0-49D9-8DCA-BAB4CBD5A2E6}.Release|Win32.ActiveCfg = Release|Win32
		{494190CF-79B0-49D9-8DCA-BAB4CBD5A2E6}.Release|Win32.Build.0 = Release|Win32
		{494190CF-79B0-49D9-8DCA-BAB4CBD5A2E6}.Release|x64.ActiveCfg = Release|x64
		{494190CF-79B0-49D9-8DCA-BAB4CBD5A2E6}.Release|x64.Build.0 = Release|x64
		{DEDCA962-3A36-4F8A-9703-5BC0D66B961F}.Debug|ARM.ActiveCfg = Debug|ARM
		{DEDCA962-3A36-4F8A-9703-5BC0D66B961F}.Debug|ARM.Build.0 = Debug|ARM
		{DEDCA962-3A36-4F8A-9703-5BC0D66B961F}.Debug|Win32.ActiveCfg = Debug|Win32
		{DEDCA962-3A36-4F8A-9703-5BC0D66B961F}.Debug|Win32.Build.0 = Debug|Win32
		{DEDCA962-3A36-4F8A-9703-5BC0D66B961F}.Debug|x64.ActiveCfg = Debug|x64
		{DEDCA962-3A36-4F8A-9703-5BC0D66B961F}.Debug|x64.Build.0 = Debug|x64
		{DEDCA962-3A36-4F8A-9703-5BC0D66B961F}.Release|ARM.ActiveCfg = Release|ARM
		{DEDCA962-3A36-4F8A-9703-5BC0D66B961F}.Release|ARM.Build.0 = Release|ARM
		{DEDCA962-3A36-4F8A-9703-5BC0D66B961F}.Release|Win32.ActiveCfg = Release|Win32
		{DEDCA962-3A36-4F8A-9703-5BC0D66B961F}.Release|Win32.Build.0 = Release|Win32
		{DEDCA962-3A36-4F8A-9703-5BC0D66B961F}.Release|x64.ActiveCfg = Release|x64
		{DEDCA962-3A36-4F8A-9703-5BC0D66B961F}.Release|x64.Build.0 = Release|x64
		{39FB49B0-52F8-4295-98B4-8822224217BA}.Debug|ARM.ActiveCfg = Debug|ARM
		{39FB49B0-52F8-4295-98B4-8822224217BA}.Debug|ARM.Build.0 = Debug|ARM
		{39FB49B0-52F8-4295-98B4-8822224217BA}.Debug|Win32.ActiveCfg = Debug|Win32
		{39FB49B0-52F8-4295-98B4-8822224217BA}.Debug|Win32.Build.0 = Debug|Win32
		{39FB49B0-52F8-4295-98B4-8822224217BA}.Debug|x64.ActiveCfg = Debug|x64
		{39FB49B0-52F8-4295-98B4-8822224217BA}.Debug|x64.Build.0 = Debug|x64
		{39FB49B0-52F8-4295-98B4-8822224217BA}.Release|ARM.ActiveCfg = Release|ARM
		{39FB49B0-52F8-4295-98B4-8822224217BA}.Release|ARM.Build.0 = Release|ARM
		{39FB49B0-52F8-4295-98B4-8822224217BA}.Release|Win32.ActiveCfg = Release|Win32
		{39FB49B0-52F8-4295-98B4-8822224217BA}.Release|Win32.Build.0 = Release|Win32
		{39FB49B0-52F8-4295-98B4-8822224217BA}.Release|x64.ActiveCfg = Release|x64
		{39FB49B0-52F8-4295-98B4-8822224217BA}.Release|x64.Build.0 = Release|x64
	EndGlobalSection
	GlobalSection(SolutionProperties) = preSolution
		HideSolutionNode = FALSE
	EndGlobalSection
EndGlobal
