
Microsoft Visual Studio Solution File, Format Version 12.00
# Visual Studio 14
VisualStudioVersion = 14.0.25123.0
MinimumVisualStudioVersion = 10.0.40219.1
Project("{FAE04EC0-301F-11D3-BF4B-00C04F79EFBC}") = "Limpet.UWP", "Limpet.UWP\Limpet.UWP.csproj", "{9F957BD0-670B-4C96-B184-4978F41019E0}"
EndProject
Project("{FAE04EC0-301F-11D3-BF4B-00C04F79EFBC}") = "Limpet.NET", "Limpet.NET\Limpet.NET.csproj", "{40C1D205-3C11-46D9-A557-86D9ED588216}"
EndProject
Project("{FAE04EC0-301F-11D3-BF4B-00C04F79EFBC}") = "LimpetTest", "LimpetTest\LimpetTest.csproj", "{5BCE6CBA-800C-4AE7-ACAE-AC7F045EBFE3}"
EndProject
Project("{FAE04EC0-301F-11D3-BF4B-00C04F79EFBC}") = "Limpetizer", "Limpetizer\Limpetizer.csproj", "{6097AE79-64FE-43D2-8B70-61FC32DB88DF}"
EndProject
Global
	GlobalSection(SolutionConfigurationPlatforms) = preSolution
		Debug|Any CPU = Debug|Any CPU
		Debug|ARM = Debug|ARM
		Debug|x64 = Debug|x64
		Debug|x86 = Debug|x86
		Release|Any CPU = Release|Any CPU
		Release|ARM = Release|ARM
		Release|x64 = Release|x64
		Release|x86 = Release|x86
	EndGlobalSection
	GlobalSection(ProjectConfigurationPlatforms) = postSolution
		{9F957BD0-670B-4C96-B184-4978F41019E0}.Debug|Any CPU.ActiveCfg = Debug|Any CPU
		{9F957BD0-670B-4C96-B184-4978F41019E0}.Debug|Any CPU.Build.0 = Debug|Any CPU
		{9F957BD0-670B-4C96-B184-4978F41019E0}.Debug|ARM.ActiveCfg = Debug|ARM
		{9F957BD0-670B-4C96-B184-4978F41019E0}.Debug|ARM.Build.0 = Debug|ARM
		{9F957BD0-670B-4C96-B184-4978F41019E0}.Debug|x64.ActiveCfg = Debug|x64
		{9F957BD0-670B-4C96-B184-4978F41019E0}.Debug|x64.Build.0 = Debug|x64
		{9F957BD0-670B-4C96-B184-4978F41019E0}.Debug|x86.ActiveCfg = Debug|x86
		{9F957BD0-670B-4C96-B184-4978F41019E0}.Debug|x86.Build.0 = Debug|x86
		{9F957BD0-670B-4C96-B184-4978F41019E0}.Release|Any CPU.ActiveCfg = Release|Any CPU
		{9F957BD0-670B-4C96-B184-4978F41019E0}.Release|Any CPU.Build.0 = Release|Any CPU
		{9F957BD0-670B-4C96-B184-4978F41019E0}.Release|ARM.ActiveCfg = Release|ARM
		{9F957BD0-670B-4C96-B184-4978F41019E0}.Release|ARM.Build.0 = Release|ARM
		{9F957BD0-670B-4C96-B184-4978F41019E0}.Release|x64.ActiveCfg = Release|x64
		{9F957BD0-670B-4C96-B184-4978F41019E0}.Release|x64.Build.0 = Release|x64
		{9F957BD0-670B-4C96-B184-4978F41019E0}.Release|x86.ActiveCfg = Release|x86
		{9F957BD0-670B-4C96-B184-4978F41019E0}.Release|x86.Build.0 = Release|x86
		{40C1D205-3C11-46D9-A557-86D9ED588216}.Debug|Any CPU.ActiveCfg = Debug|Any CPU
		{40C1D205-3C11-46D9-A557-86D9ED588216}.Debug|Any CPU.Build.0 = Debug|Any CPU
		{40C1D205-3C11-46D9-A557-86D9ED588216}.Debug|ARM.ActiveCfg = Debug|Any CPU
		{40C1D205-3C11-46D9-A557-86D9ED588216}.Debug|ARM.Build.0 = Debug|Any CPU
		{40C1D205-3C11-46D9-A557-86D9ED588216}.Debug|x64.ActiveCfg = Debug|Any CPU
		{40C1D205-3C11-46D9-A557-86D9ED588216}.Debug|x64.Build.0 = Debug|Any CPU
		{40C1D205-3C11-46D9-A557-86D9ED588216}.Debug|x86.ActiveCfg = Debug|Any CPU
		{40C1D205-3C11-46D9-A557-86D9ED588216}.Debug|x86.Build.0 = Debug|Any CPU
		{40C1D205-3C11-46D9-A557-86D9ED588216}.Release|Any CPU.ActiveCfg = Release|Any CPU
		{40C1D205-3C11-46D9-A557-86D9ED588216}.Release|Any CPU.Build.0 = Release|Any CPU
		{40C1D205-3C11-46D9-A557-86D9ED588216}.Release|ARM.ActiveCfg = Release|Any CPU
		{40C1D205-3C11-46D9-A557-86D9ED588216}.Release|ARM.Build.0 = Release|Any CPU
		{40C1D205-3C11-46D9-A557-86D9ED588216}.Release|x64.ActiveCfg = Release|Any CPU
		{40C1D205-3C11-46D9-A557-86D9ED588216}.Release|x64.Build.0 = Release|Any CPU
		{40C1D205-3C11-46D9-A557-86D9ED588216}.Release|x86.ActiveCfg = Release|Any CPU
		{40C1D205-3C11-46D9-A557-86D9ED588216}.Release|x86.Build.0 = Release|Any CPU
		{5BCE6CBA-800C-4AE7-ACAE-AC7F045EBFE3}.Debug|Any CPU.ActiveCfg = Debug|Any CPU
		{5BCE6CBA-800C-4AE7-ACAE-AC7F045EBFE3}.Debug|Any CPU.Build.0 = Debug|Any CPU
		{5BCE6CBA-800C-4AE7-ACAE-AC7F045EBFE3}.Debug|ARM.ActiveCfg = Debug|Any CPU
		{5BCE6CBA-800C-4AE7-ACAE-AC7F045EBFE3}.Debug|ARM.Build.0 = Debug|Any CPU
		{5BCE6CBA-800C-4AE7-ACAE-AC7F045EBFE3}.Debug|x64.ActiveCfg = Debug|Any CPU
		{5BCE6CBA-800C-4AE7-ACAE-AC7F045EBFE3}.Debug|x64.Build.0 = Debug|Any CPU
		{5BCE6CBA-800C-4AE7-ACAE-AC7F045EBFE3}.Debug|x86.ActiveCfg = Debug|Any CPU
		{5BCE6CBA-800C-4AE7-ACAE-AC7F045EBFE3}.Debug|x86.Build.0 = Debug|Any CPU
		{5BCE6CBA-800C-4AE7-ACAE-AC7F045EBFE3}.Release|Any CPU.ActiveCfg = Release|Any CPU
		{5BCE6CBA-800C-4AE7-ACAE-AC7F045EBFE3}.Release|Any CPU.Build.0 = Release|Any CPU
		{5BCE6CBA-800C-4AE7-ACAE-AC7F045EBFE3}.Release|ARM.ActiveCfg = Release|Any CPU
		{5BCE6CBA-800C-4AE7-ACAE-AC7F045EBFE3}.Release|ARM.Build.0 = Release|Any CPU
		{5BCE6CBA-800C-4AE7-ACAE-AC7F045EBFE3}.Release|x64.ActiveCfg = Release|Any CPU
		{5BCE6CBA-800C-4AE7-ACAE-AC7F045EBFE3}.Release|x64.Build.0 = Release|Any CPU
		{5BCE6CBA-800C-4AE7-ACAE-AC7F045EBFE3}.Release|x86.ActiveCfg = Release|Any CPU
		{5BCE6CBA-800C-4AE7-ACAE-AC7F045EBFE3}.Release|x86.Build.0 = Release|Any CPU
		{6097AE79-64FE-43D2-8B70-61FC32DB88DF}.Debug|Any CPU.ActiveCfg = Debug|Any CPU
		{6097AE79-64FE-43D2-8B70-61FC32DB88DF}.Debug|Any CPU.Build.0 = Debug|Any CPU
		{6097AE79-64FE-43D2-8B70-61FC32DB88DF}.Debug|ARM.ActiveCfg = Debug|Any CPU
		{6097AE79-64FE-43D2-8B70-61FC32DB88DF}.Debug|ARM.Build.0 = Debug|Any CPU
		{6097AE79-64FE-43D2-8B70-61FC32DB88DF}.Debug|x64.ActiveCfg = Debug|Any CPU
		{6097AE79-64FE-43D2-8B70-61FC32DB88DF}.Debug|x64.Build.0 = Debug|Any CPU
		{6097AE79-64FE-43D2-8B70-61FC32DB88DF}.Debug|x86.ActiveCfg = Debug|Any CPU
		{6097AE79-64FE-43D2-8B70-61FC32DB88DF}.Debug|x86.Build.0 = Debug|Any CPU
		{6097AE79-64FE-43D2-8B70-61FC32DB88DF}.Release|Any CPU.ActiveCfg = Release|Any CPU
		{6097AE79-64FE-43D2-8B70-61FC32DB88DF}.Release|Any CPU.Build.0 = Release|Any CPU
		{6097AE79-64FE-43D2-8B70-61FC32DB88DF}.Release|ARM.ActiveCfg = Release|Any CPU
		{6097AE79-64FE-43D2-8B70-61FC32DB88DF}.Release|ARM.Build.0 = Release|Any CPU
		{6097AE79-64FE-43D2-8B70-61FC32DB88DF}.Release|x64.ActiveCfg = Release|Any CPU
		{6097AE79-64FE-43D2-8B70-61FC32DB88DF}.Release|x64.Build.0 = Release|Any CPU
		{6097AE79-64FE-43D2-8B70-61FC32DB88DF}.Release|x86.ActiveCfg = Release|Any CPU
		{6097AE79-64FE-43D2-8B70-61FC32DB88DF}.Release|x86.Build.0 = Release|Any CPU
	EndGlobalSection
	GlobalSection(SolutionProperties) = preSolution
		HideSolutionNode = FALSE
	EndGlobalSection
EndGlobal
